{
    "advanced-custom-fields-markdown": {
        "repository": "git@git.dxw.net:wordpress-plugins/advanced-custom-fields-markdown",
        "revision": "master",
        "commit": "1d77b9fd25413c962843233d6e675d49e11de372"
    },
    "advanced-custom-fields-pro": {
        "repository": "git@git.dxw.net:wordpress-plugins/advanced-custom-fields-pro",
        "revision": "master",
        "commit": "a8d80d1e2e7d07d2cb870a6fe7a55857f75b8b60"
    }
}