{
    "hash": "44c07dc333bacc656361f92449e52ff52611370f",
    "plugins": [
        {
            "name": "advanced-custom-fields-pro",
            "src": "git@git.dxw.net:wordpress-plugins/advanced-custom-fields-pro",
            "revision": "4c61ecd39e80eb295897b5cd7b3a05aa3ce15c70"
        }
    ]
}
